<?xml version="1.0" encoding="utf-8"?>
<Project ToolsVersion="4.0" xmlns="http://schemas.microsoft.com/developer/msbuild/2003">
  <ItemGroup>
    <Filter Include="Source Files">
      <UniqueIdentifier>{4FC737F1-C7A5-4376-A066-2A32D752A2FF}</UniqueIdentifier>
      <Extensions>cpp;c;cc;cxx;def;odl;idl;hpj;bat;asm;asmx</Extensions>
    </Filter>
    <Filter Include="Header Files">
      <UniqueIdentifier>{93995380-89BD-4b04-88EB-625FBE52EBFB}</UniqueIdentifier>
      <Extensions>h;hh;hpp;hxx;hm;inl;inc;ipp;xsd</Extensions>
    </Filter>
    <Filter Include="Resource Files">
      <UniqueIdentifier>{67DA6AB6-F800-4c08-8B7A-83BB121AAD01}</UniqueIdentifier>
      <Extensions>rc;ico;cur;bmp;dlg;rc2;rct;bin;rgs;gif;jpg;jpeg;jpe;resx;tiff;tif;png;wav;mfcribbon-ms</Extensions>
    </Filter>
  </ItemGroup>
  <ItemGroup>
    <ClCompile Include="main.cpp">
      <Filter>Source Files</Filter>
    </ClCompile>
    <ClCompile Include="1_two_sum.cpp">
      <Filter>Source Files</Filter>
    </ClCompile>
    <ClCompile Include="2_add_two_numbers.cpp">
      <Filter>Source Files</Filter>
    </ClCompile>
    <ClCompile Include="3_longest_substring_wihtout_repeating_characters.cpp">
      <Filter>Source Files</Filter>
    </ClCompile>
    <ClCompile Include="704_binary_search.cpp">
      <Filter>Source Files</Filter>
    </ClCompile>
    <ClCompile Include="278_first_bad_version.cpp">
      <Filter>Source Files</Filter>
    </ClCompile>
    <ClCompile Include="35_search_insert_position.cpp">
      <Filter>Source Files</Filter>
    </ClCompile>
    <ClCompile Include="4_median_of_two_sorted_arrays.cpp">
      <Filter>Source Files</Filter>
    </ClCompile>
    <ClCompile Include="5_longest_palindrome_substring.cpp">
      <Filter>Source Files</Filter>
    </ClCompile>
    <ClCompile Include="977_squares_of_a_sorted_array.cpp">
      <Filter>Source Files</Filter>
    </ClCompile>
    <ClCompile Include="189_rotate_array.cpp">
      <Filter>Source Files</Filter>
    </ClCompile>
    <ClCompile Include="217_contains_duplicate.cpp">
      <Filter>Source Files</Filter>
    </ClCompile>
    <ClCompile Include="53_maximum_subarray.cpp">
      <Filter>Source Files</Filter>
    </ClCompile>
    <ClCompile Include="6_zigzag_conversion.cpp">
      <Filter>Source Files</Filter>
    </ClCompile>
    <ClCompile Include="7_reverse_integer.cpp">
      <Filter>Source Files</Filter>
    </ClCompile>
    <ClCompile Include="8_string_to_integer.cpp">
      <Filter>Source Files</Filter>
    </ClCompile>
    <ClCompile Include="9_palindrome_number.cpp">
      <Filter>Source Files</Filter>
    </ClCompile>
    <ClCompile Include="10_regular_expression.cpp">
      <Filter>Source Files</Filter>
    </ClCompile>
    <ClCompile Include="11_container_with_most_water.cpp">
      <Filter>Source Files</Filter>
    </ClCompile>
    <ClCompile Include="283_move_zeroes.cpp">
      <Filter>Source Files</Filter>
    </ClCompile>
    <ClCompile Include="167_two_sum_ii.cpp">
      <Filter>Source Files</Filter>
    </ClCompile>
    <ClCompile Include="344_reverse_string.cpp">
      <Filter>Source Files</Filter>
    </ClCompile>
    <ClCompile Include="557_reverse_words_in_a_string.cpp">
      <Filter>Source Files</Filter>
    </ClCompile>
    <ClCompile Include="876_middle_of_linked_list.cpp">
      <Filter>Source Files</Filter>
    </ClCompile>
    <ClCompile Include="19_remove_nth_node_from_end_of_list.cpp">
      <Filter>Source Files</Filter>
    </ClCompile>
    <ClCompile Include="14_longest_common_prefix.cpp">
      <Filter>Source Files</Filter>
    </ClCompile>
    <ClCompile Include="20_valid_parantheses.cpp">
      <Filter>Source Files</Filter>
    </ClCompile>
    <ClCompile Include="21_merge_two_sorted_lists.cpp">
      <Filter>Source Files</Filter>
    </ClCompile>
    <ClCompile Include="567_permutation_in_string.cpp">
      <Filter>Source Files</Filter>
    </ClCompile>
  </ItemGroup>
  <ItemGroup>
    <ClInclude Include="template.h">
      <Filter>Resource Files</Filter>
    </ClInclude>
  </ItemGroup>
</Project>